
Microsoft Visual Studio Solution File, Format Version 12.00
# Visual Studio Version 17
VisualStudioVersion = 17.7.34009.444
MinimumVisualStudioVersion = 10.0.40219.1
Project("{FAE04EC0-301F-11D3-BF4B-00C04F79EFBC}") = "bd3", "bd3.csproj", "{DF2BA6B8-915E-45FF-8AEB-CD3540AFEF48}"
EndProject
Global
	GlobalSection(SolutionConfigurationPlatforms) = preSolution
		Debug|Any CPU = Debug|Any CPU
		Debug|x64 = Debug|x64
		Release|Any CPU = Release|Any CPU
		Release|x64 = Release|x64
	EndGlobalSection
	GlobalSection(ProjectConfigurationPlatforms) = postSolution
		{DF2BA6B8-915E-45FF-8AEB-CD3540AFEF48}.Debug|Any CPU.ActiveCfg = Release|Any CPU
		{DF2BA6B8-915E-45FF-8AEB-CD3540AFEF48}.Debug|Any CPU.Build.0 = Release|Any CPU
		{DF2BA6B8-915E-45FF-8AEB-CD3540AFEF48}.Debug|x64.ActiveCfg = Release|x64
		{DF2BA6B8-915E-45FF-8AEB-CD3540AFEF48}.Debug|x64.Build.0 = Release|x64
		{DF2BA6B8-915E-45FF-8AEB-CD3540AFEF48}.Release|Any CPU.ActiveCfg = Release|Any CPU
		{DF2BA6B8-915E-45FF-8AEB-CD3540AFEF48}.Release|Any CPU.Build.0 = Release|Any CPU
		{DF2BA6B8-915E-45FF-8AEB-CD3540AFEF48}.Release|x64.ActiveCfg = Release|x64
		{DF2BA6B8-915E-45FF-8AEB-CD3540AFEF48}.Release|x64.Build.0 = Release|x64
	EndGlobalSection
	GlobalSection(SolutionProperties) = preSolution
		HideSolutionNode = FALSE
	EndGlobalSection
	GlobalSection(ExtensibilityGlobals) = postSolution
		SolutionGuid = {A322ACE0-B5D6-441E-9B45-E72552807D09}
	EndGlobalSection
EndGlobal
